
Microsoft Visual Studio Solution File, Format Version 12.00
# Visual Studio Version 16
VisualStudioVersion = 16.0.30114.105
MinimumVisualStudioVersion = 10.0.40219.1
Project("{FAE04EC0-301F-11D3-BF4B-00C04F79EFBC}") = "Lab32_LinqPractice", "Lab32_LinqPractice.csproj", "{77314B42-9D4A-459F-A50A-52488C7BC435}"
EndProject
Global
	GlobalSection(SolutionConfigurationPlatforms) = preSolution
		Debug|Any CPU = Debug|Any CPU
		Release|Any CPU = Release|Any CPU
	EndGlobalSection
	GlobalSection(ProjectConfigurationPlatforms) = postSolution
		{77314B42-9D4A-459F-A50A-52488C7BC435}.Debug|Any CPU.ActiveCfg = Debug|Any CPU
		{77314B42-9D4A-459F-A50A-52488C7BC435}.Debug|Any CPU.Build.0 = Debug|Any CPU
		{77314B42-9D4A-459F-A50A-52488C7BC435}.Release|Any CPU.ActiveCfg = Release|Any CPU
		{77314B42-9D4A-459F-A50A-52488C7BC435}.Release|Any CPU.Build.0 = Release|Any CPU
	EndGlobalSection
	GlobalSection(SolutionProperties) = preSolution
		HideSolutionNode = FALSE
	EndGlobalSection
	GlobalSection(ExtensibilityGlobals) = postSolution
		SolutionGuid = {3B109BA5-C1D3-480A-A0E4-64B20FA27CE9}
	EndGlobalSection
EndGlobal
